
Microsoft Visual Studio Solution File, Format Version 12.00
# Visual Studio Version 17
VisualStudioVersion = 17.5.002.0
MinimumVisualStudioVersion = 10.0.40219.1
Project("{2150E333-8FDC-42A3-9474-1A3956D46DE8}") = "csharp-prep", "csharp-prep", "{8AAC35C1-621F-4390-ABC4-660750BF3BD0}"
EndProject
Project("{9A19103F-16F7-4668-BE54-9A1E7A4F7556}") = "Prep1", "csharp-prep\Prep1\Prep1.csproj", "{BB7DF709-B3A6-41B3-87BB-09E043567240}"
EndProject
Project("{9A19103F-16F7-4668-BE54-9A1E7A4F7556}") = "Prep2", "csharp-prep\Prep2\Prep2.csproj", "{439F232F-8361-4774-8F0D-955F9F907D3F}"
EndProject
Project("{9A19103F-16F7-4668-BE54-9A1E7A4F7556}") = "Prep3", "csharp-prep\Prep3\Prep3.csproj", "{69308888-88CA-4295-BE92-20D1DCA18498}"
EndProject
Project("{9A19103F-16F7-4668-BE54-9A1E7A4F7556}") = "Prep4", "csharp-prep\Prep4\Prep4.csproj", "{EB7506E6-2F7A-4D0C-8099-7688D6CF1BE0}"
EndProject
Project("{9A19103F-16F7-4668-BE54-9A1E7A4F7556}") = "Prep5", "csharp-prep\Prep5\Prep5.csproj", "{558FE1A9-69EF-49B7-9692-D255E9E2455C}"
EndProject
Project("{2150E333-8FDC-42A3-9474-1A3956D46DE8}") = "final", "final", "{23C1F20F-08CC-4D7E-BCBE-C97F24C3EE6C}"
EndProject
Project("{9A19103F-16F7-4668-BE54-9A1E7A4F7556}") = "FinalProject", "final\FinalProject\FinalProject.csproj", "{CC970B02-86F8-460C-A47E-B7BC0C0E4EC0}"
EndProject
Project("{9A19103F-16F7-4668-BE54-9A1E7A4F7556}") = "Foundation1", "final\Foundation1\Foundation1.csproj", "{5EEAE5D0-5AAB-4DE6-81EA-B95B24F37A58}"
EndProject
Project("{9A19103F-16F7-4668-BE54-9A1E7A4F7556}") = "Foundation2", "final\Foundation2\Foundation2.csproj", "{44BF0C41-1369-49CB-AD04-3D23F751A2B4}"
EndProject
Project("{9A19103F-16F7-4668-BE54-9A1E7A4F7556}") = "Foundation3", "final\Foundation3\Foundation3.csproj", "{15904001-32D0-4916-B19E-A71274C8E0C7}"
EndProject
Project("{9A19103F-16F7-4668-BE54-9A1E7A4F7556}") = "Foundation4", "final\Foundation4\Foundation4.csproj", "{648EFFC3-F742-48E6-A989-353C79668CD4}"
EndProject
Project("{2150E333-8FDC-42A3-9474-1A3956D46DE8}") = "prepare", "prepare", "{7DFB5709-E508-40AA-B326-8D9A62B533C7}"
EndProject
Project("{9A19103F-16F7-4668-BE54-9A1E7A4F7556}") = "Learning02", "prepare\Learning02\Learning02.csproj", "{5F29459A-3523-4ACE-BE51-555365502C36}"
EndProject
Project("{9A19103F-16F7-4668-BE54-9A1E7A4F7556}") = "Learning03", "prepare\Learning03\Learning03.csproj", "{1B985085-4D0C-4A5A-856D-5D46209405BA}"
EndProject
Project("{9A19103F-16F7-4668-BE54-9A1E7A4F7556}") = "Learning04", "prepare\Learning04\Learning04.csproj", "{FB07C5ED-D0AF-44DE-99FB-12CD73D930A7}"
EndProject
Project("{9A19103F-16F7-4668-BE54-9A1E7A4F7556}") = "Learning05", "prepare\Learning05\Learning05.csproj", "{040CD9D6-59C4-4056-AE7C-DA3EE13C5ED9}"
EndProject
Project("{2150E333-8FDC-42A3-9474-1A3956D46DE8}") = "prove", "prove", "{F2CF0713-EDD3-4B81-A8C1-683BF5A9B7F7}"
EndProject
Project("{9A19103F-16F7-4668-BE54-9A1E7A4F7556}") = "Develop02", "prove\Develop02\Develop02.csproj", "{B40B965F-8E25-4CF4-BC0A-F2C4ED6601B2}"
EndProject
Project("{9A19103F-16F7-4668-BE54-9A1E7A4F7556}") = "Develop03", "prove\Develop03\Develop03.csproj", "{8051F0D7-55B0-427E-8C4F-C834DAD0235C}"
EndProject
Project("{9A19103F-16F7-4668-BE54-9A1E7A4F7556}") = "Develop04", "prove\Develop04\Develop04.csproj", "{CBBEF9BE-2B0D-4359-BC47-5E3CA713D774}"
EndProject
Project("{9A19103F-16F7-4668-BE54-9A1E7A4F7556}") = "Develop05", "prove\Develop05\Develop05.csproj", "{95EFC9CA-61D9-4899-945D-D364ADF92455}"
EndProject
Project("{2150E333-8FDC-42A3-9474-1A3956D46DE8}") = "sandbox", "sandbox", "{F9F107D2-BE6F-4BA7-B595-BE2CCC2A47D8}"
EndProject
Project("{9A19103F-16F7-4668-BE54-9A1E7A4F7556}") = "Sandbox", "sandbox\Sandbox\Sandbox.csproj", "{DE32C2E0-6223-4B6D-9754-3A624D0009E9}"
EndProject
Global
	GlobalSection(SolutionConfigurationPlatforms) = preSolution
		Debug|Any CPU = Debug|Any CPU
		Release|Any CPU = Release|Any CPU
	EndGlobalSection
	GlobalSection(ProjectConfigurationPlatforms) = postSolution
		{BB7DF709-B3A6-41B3-87BB-09E043567240}.Debug|Any CPU.ActiveCfg = Debug|Any CPU
		{BB7DF709-B3A6-41B3-87BB-09E043567240}.Debug|Any CPU.Build.0 = Debug|Any CPU
		{BB7DF709-B3A6-41B3-87BB-09E043567240}.Release|Any CPU.ActiveCfg = Release|Any CPU
		{BB7DF709-B3A6-41B3-87BB-09E043567240}.Release|Any CPU.Build.0 = Release|Any CPU
		{439F232F-8361-4774-8F0D-955F9F907D3F}.Debug|Any CPU.ActiveCfg = Debug|Any CPU
		{439F232F-8361-4774-8F0D-955F9F907D3F}.Debug|Any CPU.Build.0 = Debug|Any CPU
		{439F232F-8361-4774-8F0D-955F9F907D3F}.Release|Any CPU.ActiveCfg = Release|Any CPU
		{439F232F-8361-4774-8F0D-955F9F907D3F}.Release|Any CPU.Build.0 = Release|Any CPU
		{69308888-88CA-4295-BE92-20D1DCA18498}.Debug|Any CPU.ActiveCfg = Debug|Any CPU
		{69308888-88CA-4295-BE92-20D1DCA18498}.Debug|Any CPU.Build.0 = Debug|Any CPU
		{69308888-88CA-4295-BE92-20D1DCA18498}.Release|Any CPU.ActiveCfg = Release|Any CPU
		{69308888-88CA-4295-BE92-20D1DCA18498}.Release|Any CPU.Build.0 = Release|Any CPU
		{EB7506E6-2F7A-4D0C-8099-7688D6CF1BE0}.Debug|Any CPU.ActiveCfg = Debug|Any CPU
		{EB7506E6-2F7A-4D0C-8099-7688D6CF1BE0}.Debug|Any CPU.Build.0 = Debug|Any CPU
		{EB7506E6-2F7A-4D0C-8099-7688D6CF1BE0}.Release|Any CPU.ActiveCfg = Release|Any CPU
		{EB7506E6-2F7A-4D0C-8099-7688D6CF1BE0}.Release|Any CPU.Build.0 = Release|Any CPU
		{558FE1A9-69EF-49B7-9692-D255E9E2455C}.Debug|Any CPU.ActiveCfg = Debug|Any CPU
		{558FE1A9-69EF-49B7-9692-D255E9E2455C}.Debug|Any CPU.Build.0 = Debug|Any CPU
		{558FE1A9-69EF-49B7-9692-D255E9E2455C}.Release|Any CPU.ActiveCfg = Release|Any CPU
		{558FE1A9-69EF-49B7-9692-D255E9E2455C}.Release|Any CPU.Build.0 = Release|Any CPU
		{CC970B02-86F8-460C-A47E-B7BC0C0E4EC0}.Debug|Any CPU.ActiveCfg = Debug|Any CPU
		{CC970B02-86F8-460C-A47E-B7BC0C0E4EC0}.Debug|Any CPU.Build.0 = Debug|Any CPU
		{CC970B02-86F8-460C-A47E-B7BC0C0E4EC0}.Release|Any CPU.ActiveCfg = Release|Any CPU
		{CC970B02-86F8-460C-A47E-B7BC0C0E4EC0}.Release|Any CPU.Build.0 = Release|Any CPU
		{5EEAE5D0-5AAB-4DE6-81EA-B95B24F37A58}.Debug|Any CPU.ActiveCfg = Debug|Any CPU
		{5EEAE5D0-5AAB-4DE6-81EA-B95B24F37A58}.Debug|Any CPU.Build.0 = Debug|Any CPU
		{5EEAE5D0-5AAB-4DE6-81EA-B95B24F37A58}.Release|Any CPU.ActiveCfg = Release|Any CPU
		{5EEAE5D0-5AAB-4DE6-81EA-B95B24F37A58}.Release|Any CPU.Build.0 = Release|Any CPU
		{44BF0C41-1369-49CB-AD04-3D23F751A2B4}.Debug|Any CPU.ActiveCfg = Debug|Any CPU
		{44BF0C41-1369-49CB-AD04-3D23F751A2B4}.Debug|Any CPU.Build.0 = Debug|Any CPU
		{44BF0C41-1369-49CB-AD04-3D23F751A2B4}.Release|Any CPU.ActiveCfg = Release|Any CPU
		{44BF0C41-1369-49CB-AD04-3D23F751A2B4}.Release|Any CPU.Build.0 = Release|Any CPU
		{15904001-32D0-4916-B19E-A71274C8E0C7}.Debug|Any CPU.ActiveCfg = Debug|Any CPU
		{15904001-32D0-4916-B19E-A71274C8E0C7}.Debug|Any CPU.Build.0 = Debug|Any CPU
		{15904001-32D0-4916-B19E-A71274C8E0C7}.Release|Any CPU.ActiveCfg = Release|Any CPU
		{15904001-32D0-4916-B19E-A71274C8E0C7}.Release|Any CPU.Build.0 = Release|Any CPU
		{648EFFC3-F742-48E6-A989-353C79668CD4}.Debug|Any CPU.ActiveCfg = Debug|Any CPU
		{648EFFC3-F742-48E6-A989-353C79668CD4}.Debug|Any CPU.Build.0 = Debug|Any CPU
		{648EFFC3-F742-48E6-A989-353C79668CD4}.Release|Any CPU.ActiveCfg = Release|Any CPU
		{648EFFC3-F742-48E6-A989-353C79668CD4}.Release|Any CPU.Build.0 = Release|Any CPU
		{5F29459A-3523-4ACE-BE51-555365502C36}.Debug|Any CPU.ActiveCfg = Debug|Any CPU
		{5F29459A-3523-4ACE-BE51-555365502C36}.Debug|Any CPU.Build.0 = Debug|Any CPU
		{5F29459A-3523-4ACE-BE51-555365502C36}.Release|Any CPU.ActiveCfg = Release|Any CPU
		{5F29459A-3523-4ACE-BE51-555365502C36}.Release|Any CPU.Build.0 = Release|Any CPU
		{1B985085-4D0C-4A5A-856D-5D46209405BA}.Debug|Any CPU.ActiveCfg = Debug|Any CPU
		{1B985085-4D0C-4A5A-856D-5D46209405BA}.Debug|Any CPU.Build.0 = Debug|Any CPU
		{1B985085-4D0C-4A5A-856D-5D46209405BA}.Release|Any CPU.ActiveCfg = Release|Any CPU
		{1B985085-4D0C-4A5A-856D-5D46209405BA}.Release|Any CPU.Build.0 = Release|Any CPU
		{FB07C5ED-D0AF-44DE-99FB-12CD73D930A7}.Debug|Any CPU.ActiveCfg = Debug|Any CPU
		{FB07C5ED-D0AF-44DE-99FB-12CD73D930A7}.Debug|Any CPU.Build.0 = Debug|Any CPU
		{FB07C5ED-D0AF-44DE-99FB-12CD73D930A7}.Release|Any CPU.ActiveCfg = Release|Any CPU
		{FB07C5ED-D0AF-44DE-99FB-12CD73D930A7}.Release|Any CPU.Build.0 = Release|Any CPU
		{040CD9D6-59C4-4056-AE7C-DA3EE13C5ED9}.Debug|Any CPU.ActiveCfg = Debug|Any CPU
		{040CD9D6-59C4-4056-AE7C-DA3EE13C5ED9}.Debug|Any CPU.Build.0 = Debug|Any CPU
		{040CD9D6-59C4-4056-AE7C-DA3EE13C5ED9}.Release|Any CPU.ActiveCfg = Release|Any CPU
		{040CD9D6-59C4-4056-AE7C-DA3EE13C5ED9}.Release|Any CPU.Build.0 = Release|Any CPU
		{B40B965F-8E25-4CF4-BC0A-F2C4ED6601B2}.Debug|Any CPU.ActiveCfg = Debug|Any CPU
		{B40B965F-8E25-4CF4-BC0A-F2C4ED6601B2}.Debug|Any CPU.Build.0 = Debug|Any CPU
		{B40B965F-8E25-4CF4-BC0A-F2C4ED6601B2}.Release|Any CPU.ActiveCfg = Release|Any CPU
		{B40B965F-8E25-4CF4-BC0A-F2C4ED6601B2}.Release|Any CPU.Build.0 = Release|Any CPU
		{8051F0D7-55B0-427E-8C4F-C834DAD0235C}.Debug|Any CPU.ActiveCfg = Debug|Any CPU
		{8051F0D7-55B0-427E-8C4F-C834DAD0235C}.Debug|Any CPU.Build.0 = Debug|Any CPU
		{8051F0D7-55B0-427E-8C4F-C834DAD0235C}.Release|Any CPU.ActiveCfg = Release|Any CPU
		{8051F0D7-55B0-427E-8C4F-C834DAD0235C}.Release|Any CPU.Build.0 = Release|Any CPU
		{CBBEF9BE-2B0D-4359-BC47-5E3CA713D774}.Debug|Any CPU.ActiveCfg = Debug|Any CPU
		{CBBEF9BE-2B0D-4359-BC47-5E3CA713D774}.Debug|Any CPU.Build.0 = Debug|Any CPU
		{CBBEF9BE-2B0D-4359-BC47-5E3CA713D774}.Release|Any CPU.ActiveCfg = Release|Any CPU
		{CBBEF9BE-2B0D-4359-BC47-5E3CA713D774}.Release|Any CPU.Build.0 = Release|Any CPU
		{95EFC9CA-61D9-4899-945D-D364ADF92455}.Debug|Any CPU.ActiveCfg = Debug|Any CPU
		{95EFC9CA-61D9-4899-945D-D364ADF92455}.Debug|Any CPU.Build.0 = Debug|Any CPU
		{95EFC9CA-61D9-4899-945D-D364ADF92455}.Release|Any CPU.ActiveCfg = Release|Any CPU
		{95EFC9CA-61D9-4899-945D-D364ADF92455}.Release|Any CPU.Build.0 = Release|Any CPU
		{DE32C2E0-6223-4B6D-9754-3A624D0009E9}.Debug|Any CPU.ActiveCfg = Debug|Any CPU
		{DE32C2E0-6223-4B6D-9754-3A624D0009E9}.Debug|Any CPU.Build.0 = Debug|Any CPU
		{DE32C2E0-6223-4B6D-9754-3A624D0009E9}.Release|Any CPU.ActiveCfg = Release|Any CPU
		{DE32C2E0-6223-4B6D-9754-3A624D0009E9}.Release|Any CPU.Build.0 = Release|Any CPU
	EndGlobalSection
	GlobalSection(SolutionProperties) = preSolution
		HideSolutionNode = FALSE
	EndGlobalSection
	GlobalSection(NestedProjects) = preSolution
		{BB7DF709-B3A6-41B3-87BB-09E043567240} = {8AAC35C1-621F-4390-ABC4-660750BF3BD0}
		{439F232F-8361-4774-8F0D-955F9F907D3F} = {8AAC35C1-621F-4390-ABC4-660750BF3BD0}
		{69308888-88CA-4295-BE92-20D1DCA18498} = {8AAC35C1-621F-4390-ABC4-660750BF3BD0}
		{EB7506E6-2F7A-4D0C-8099-7688D6CF1BE0} = {8AAC35C1-621F-4390-ABC4-660750BF3BD0}
		{558FE1A9-69EF-49B7-9692-D255E9E2455C} = {8AAC35C1-621F-4390-ABC4-660750BF3BD0}
		{CC970B02-86F8-460C-A47E-B7BC0C0E4EC0} = {23C1F20F-08CC-4D7E-BCBE-C97F24C3EE6C}
		{5EEAE5D0-5AAB-4DE6-81EA-B95B24F37A58} = {23C1F20F-08CC-4D7E-BCBE-C97F24C3EE6C}
		{44BF0C41-1369-49CB-AD04-3D23F751A2B4} = {23C1F20F-08CC-4D7E-BCBE-C97F24C3EE6C}
		{15904001-32D0-4916-B19E-A71274C8E0C7} = {23C1F20F-08CC-4D7E-BCBE-C97F24C3EE6C}
		{648EFFC3-F742-48E6-A989-353C79668CD4} = {23C1F20F-08CC-4D7E-BCBE-C97F24C3EE6C}
		{5F29459A-3523-4ACE-BE51-555365502C36} = {7DFB5709-E508-40AA-B326-8D9A62B533C7}
		{1B985085-4D0C-4A5A-856D-5D46209405BA} = {7DFB5709-E508-40AA-B326-8D9A62B533C7}
		{FB07C5ED-D0AF-44DE-99FB-12CD73D930A7} = {7DFB5709-E508-40AA-B326-8D9A62B533C7}
		{040CD9D6-59C4-4056-AE7C-DA3EE13C5ED9} = {7DFB5709-E508-40AA-B326-8D9A62B533C7}
		{B40B965F-8E25-4CF4-BC0A-F2C4ED6601B2} = {F2CF0713-EDD3-4B81-A8C1-683BF5A9B7F7}
		{8051F0D7-55B0-427E-8C4F-C834DAD0235C} = {F2CF0713-EDD3-4B81-A8C1-683BF5A9B7F7}
		{CBBEF9BE-2B0D-4359-BC47-5E3CA713D774} = {F2CF0713-EDD3-4B81-A8C1-683BF5A9B7F7}
		{95EFC9CA-61D9-4899-945D-D364ADF92455} = {F2CF0713-EDD3-4B81-A8C1-683BF5A9B7F7}
		{DE32C2E0-6223-4B6D-9754-3A624D0009E9} = {F9F107D2-BE6F-4BA7-B595-BE2CCC2A47D8}
	EndGlobalSection
	GlobalSection(ExtensibilityGlobals) = postSolution
		SolutionGuid = {EE892980-EA88-4F29-AA70-4B07598B6221}
	EndGlobalSection
EndGlobal
